{
    "_readme": [
        "This file locks the dependencies of your project to a known state",
        "Read more about it at http://getcomposer.org/doc/01-basic-usage.md#composer-lock-the-lock-file"
    ],
    "hash": "602290b18d86f1676148c361fcb8c2a5",
    "packages": [
        {
            "name": "doctrine/common",
            "version": "2.3.0",
            "source": {
                "type": "git",
                "url": "https://github.com/doctrine/common",
                "reference": "2.3.0"
            },
            "dist": {
                "type": "zip",
                "url": "https://github.com/doctrine/common/zipball/2.3.0",
                "reference": "2.3.0",
                "shasum": ""
            },
            "require": {
                "php": ">=5.3.2"
            },
            "type": "library",
            "extra": {
                "branch-alias": {
                    "dev-master": "2.3.x-dev"
                }
            },
            "autoload": {
                "psr-0": {
                    "Doctrine\\Common": "lib/"
                }
            },
            "license": [
                "MIT"
            ],
            "authors": [
                {
                    "name": "Jonathan Wage",
                    "email": "jonwage@gmail.com",
                    "homepage": "http://www.jwage.com/"
                },
                {
                    "name": "Guilherme Blanco",
                    "email": "guilhermeblanco@gmail.com",
                    "homepage": "http://www.instaclick.com"
                },
                {
                    "name": "Roman Borschel",
                    "email": "roman@code-factory.org"
                },
                {
                    "name": "Benjamin Eberlei",
                    "email": "kontakt@beberlei.de"
                },
                {
                    "name": "Johannes Schmitt",
                    "email": "schmittjoh@gmail.com",
                    "homepage": "http://jmsyst.com",
                    "role": "Developer of wrapped JMSSerializerBundle"
                }
            ],
            "description": "Common Library for Doctrine projects",
            "homepage": "http://www.doctrine-project.org",
            "keywords": [
                "annotations",
                "collections",
                "eventmanager",
                "persistence",
                "spl"
            ],
            "time": "2012-09-19 22:55:18"
        },
        {
            "name": "doctrine/dbal",
            "version": "2.3.4",
            "source": {
                "type": "git",
                "url": "https://github.com/doctrine/dbal.git",
                "reference": "2.3.4"
            },
            "dist": {
                "type": "zip",
                "url": "https://api.github.com/repos/doctrine/dbal/zipball/2.3.4",
                "reference": "2.3.4",
                "shasum": ""
            },
            "require": {
                "doctrine/common": ">=2.3.0,<2.5-dev",
                "php": ">=5.3.2"
            },
            "type": "library",
            "extra": {
                "branch-alias": {
                    "dev-master": "2.3.x-dev"
                }
            },
            "autoload": {
                "psr-0": {
                    "Doctrine\\DBAL": "lib/"
                }
            },
            "notification-url": "https://packagist.org/downloads/",
            "license": [
                "MIT"
            ],
            "authors": [
                {
                    "name": "Jonathan Wage",
                    "email": "jonwage@gmail.com",
                    "homepage": "http://www.jwage.com/"
                },
                {
                    "name": "Guilherme Blanco",
                    "email": "guilhermeblanco@gmail.com",
                    "homepage": "http://www.instaclick.com"
                },
                {
                    "name": "Roman Borschel",
                    "email": "roman@code-factory.org"
                },
                {
                    "name": "Benjamin Eberlei",
                    "email": "kontakt@beberlei.de"
                }
            ],
            "description": "Database Abstraction Layer",
            "homepage": "http://www.doctrine-project.org",
            "keywords": [
                "database",
                "dbal",
                "persistence",
                "queryobject"
            ],
            "time": "2013-05-11 07:45:37"
        },
        {
            "name": "doctrine/migrations",
            "version": "dev-master",
            "source": {
                "type": "git",
                "url": "https://github.com/doctrine/migrations.git",
                "reference": "ced3b419252af47f29d6680f9ec74df00ee0c58e"
            },
            "dist": {
                "type": "zip",
                "url": "https://api.github.com/repos/doctrine/migrations/zipball/ced3b419252af47f29d6680f9ec74df00ee0c58e",
                "reference": "ced3b419252af47f29d6680f9ec74df00ee0c58e",
                "shasum": ""
            },
            "require": {
                "doctrine/dbal": ">=2.0,<2.5.x-dev",
                "php": ">=5.3.2"
            },
            "require-dev": {
                "symfony/console": "2.*",
                "symfony/yaml": "2.*"
            },
            "suggest": {
                "symfony/console": "to run the migration from the console"
            },
            "type": "library",
            "autoload": {
                "psr-0": {
                    "Doctrine\\DBAL\\Migrations": "lib"
                }
            },
            "notification-url": "https://packagist.org/downloads/",
            "license": [
                "LGPL"
            ],
            "authors": [
                {
                    "name": "Jonathan Wage",
                    "email": "jonwage@gmail.com",
                    "homepage": "http://www.jwage.com/"
                },
                {
                    "name": "Benjamin Eberlei",
                    "email": "kontakt@beberlei.de"
                }
            ],
            "description": "Database Schema migrations using Doctrine DBAL",
            "homepage": "http://www.doctrine-project.org",
            "keywords": [
                "database",
                "migrations"
            ],
            "time": "2013-06-27 19:46:00"
        },
        {
            "name": "doctrine/orm",
            "version": "2.3.4",
            "source": {
                "type": "git",
                "url": "https://github.com/doctrine/doctrine2.git",
                "reference": "2.3.4"
            },
            "dist": {
                "type": "zip",
                "url": "https://api.github.com/repos/doctrine/doctrine2/zipball/2.3.4",
                "reference": "2.3.4",
                "shasum": ""
            },
            "require": {
                "doctrine/dbal": "2.3.*",
                "ext-pdo": "*",
                "php": ">=5.3.2",
                "symfony/console": "2.*"
            },
            "suggest": {
                "symfony/yaml": "If you want to use YAML Metadata Mapping Driver"
            },
            "bin": [
                "bin/doctrine",
                "bin/doctrine.php"
            ],
            "type": "library",
            "extra": {
                "branch-alias": {
                    "dev-master": "2.3.x-dev"
                }
            },
            "autoload": {
                "psr-0": {
                    "Doctrine\\ORM": "lib/"
                }
            },
            "notification-url": "https://packagist.org/downloads/",
            "license": [
                "MIT"
            ],
            "authors": [
                {
                    "name": "Jonathan Wage",
                    "email": "jonwage@gmail.com",
                    "homepage": "http://www.jwage.com/"
                },
                {
                    "name": "Guilherme Blanco",
                    "email": "guilhermeblanco@gmail.com",
                    "homepage": "http://www.instaclick.com"
                },
                {
                    "name": "Roman Borschel",
                    "email": "roman@code-factory.org"
                },
                {
                    "name": "Benjamin Eberlei",
                    "email": "kontakt@beberlei.de"
                }
            ],
            "description": "Object-Relational-Mapper for PHP",
            "homepage": "http://www.doctrine-project.org",
            "keywords": [
                "database",
                "orm"
            ],
            "time": "2013-05-11 07:51:12"
        },
        {
            "name": "janmarek/webloader",
            "version": "dev-master",
            "source": {
                "type": "git",
                "url": "https://github.com/janmarek/WebLoader.git",
                "reference": "d48cc80a6cf8d939daca1551a687db82f4da5603"
            },
            "dist": {
                "type": "zip",
                "url": "https://api.github.com/repos/janmarek/WebLoader/zipball/d48cc80a6cf8d939daca1551a687db82f4da5603",
                "reference": "d48cc80a6cf8d939daca1551a687db82f4da5603",
                "shasum": ""
            },
            "require": {
                "nette/nette": "~2.0"
            },
            "require-dev": {
                "mockery/mockery": "0.7.*",
                "phpunit/phpunit": "3.7.*"
            },
            "type": "library",
            "autoload": {
                "psr-0": {
                    "WebLoader": ""
                }
            },
            "notification-url": "https://packagist.org/downloads/",
            "license": [
                "MIT"
            ],
            "authors": [
                {
                    "name": "Jan Marek",
                    "email": "mail@janmarek.net",
                    "homepage": "http://www.janmarek.net/",
                    "role": "Author"
                }
            ],
            "description": "Tool for loading or deploying CSS and JS files into web pages",
            "homepage": "http://addons.nette.org/cs/webloader",
            "keywords": [
                "assets",
                "css",
                "javascript",
                "nette",
                "webloader"
            ],
            "time": "2013-07-03 22:23:40"
        },
        {
            "name": "leafo/lessphp",
            "version": "dev-master",
            "source": {
                "type": "git",
                "url": "https://github.com/leafo/lessphp.git",
                "reference": "51f3f06f0fe78a722dabfd14578444bdd078d9de"
            },
            "dist": {
                "type": "zip",
                "url": "https://api.github.com/repos/leafo/lessphp/zipball/51f3f06f0fe78a722dabfd14578444bdd078d9de",
                "reference": "51f3f06f0fe78a722dabfd14578444bdd078d9de",
                "shasum": ""
            },
            "type": "library",
            "extra": {
                "branch-alias": {
                    "dev-master": "0.3-dev"
                }
            },
            "autoload": {
                "classmap": [
                    "lessc.inc.php"
                ]
            },
            "notification-url": "https://packagist.org/downloads/",
            "license": [
                "MIT",
                "GPL-3.0"
            ],
            "authors": [
                {
                    "name": "Leaf Corcoran",
                    "email": "leafot@gmail.com",
                    "homepage": "http://leafo.net"
                }
            ],
            "description": "lessphp is a compiler for LESS written in PHP.",
            "homepage": "http://leafo.net/lessphp/",
            "time": "2013-08-09 17:09:19"
        },
        {
            "name": "nella/console",
            "version": "dev-master",
            "target-dir": "Nella/Console",
            "source": {
                "type": "git",
                "url": "https://github.com/nella/console",
                "reference": "381b685f31ac56d04c927090e8e7576f238a5f77"
            },
            "dist": {
                "type": "zip",
                "url": "https://github.com/nella/console/archive/381b685f31ac56d04c927090e8e7576f238a5f77.zip",
                "reference": "381b685f31ac56d04c927090e8e7576f238a5f77",
                "shasum": ""
            },
            "require": {
                "nette/nette": "2.0.*",
                "php": ">=5.3.2",
                "symfony/console": "2.*"
            },
            "type": "nette-addon",
            "autoload": {
                "psr-0": {
                    "Nella\\Console": "./"
                }
            },
            "license": [
                "BSD-3-Clause",
                "GPL-2.0+"
            ],
            "authors": [
                {
                    "name": "Patrik Votoček",
                    "email": "patrik@votocek.cz",
                    "homepage": "http://patrik.votocek.cz",
                    "role": "Developer"
                },
                {
                    "name": "Nella Project",
                    "homepage": "http://nella-project.org"
                }
            ],
            "description": "Symfony 2 Console addon for Nette Framework",
            "homepage": "http://nellafw.org",
            "keywords": [
                "addon",
                "console",
                "nella",
                "nette",
                "symfony"
            ],
            "time": "2012-09-23 04:42:39"
        },
        {
            "name": "nella/doctrine",
            "version": "dev-master",
            "target-dir": "Nella/Doctrine",
            "source": {
                "type": "git",
                "url": "https://github.com/nella/doctrine.git",
                "reference": "392e4fa65c85dd1892dfe562ab799994d5741f17"
            },
            "dist": {
                "type": "zip",
                "url": "https://api.github.com/repos/nella/doctrine/zipball/392e4fa65c85dd1892dfe562ab799994d5741f17",
                "reference": "392e4fa65c85dd1892dfe562ab799994d5741f17",
                "shasum": ""
            },
            "require": {
                "doctrine/orm": "2.3.*",
                "nette/nette": "2.0.*",
                "php": ">=5.3.2"
            },
            "suggest": {
                "doctrine/migrations": "Need for migrations support",
                "nella/console": "Need for console support",
                "nella/gedmo": "Integrate Doctrine Gedmo extension to Nette Framework"
            },
            "type": "nette-addon",
            "autoload": {
                "psr-0": {
                    "Nella\\Doctrine": "./"
                }
            },
            "notification-url": "https://packagist.org/downloads/",
            "license": [
                "BSD-3-Clause",
                "GPL-2.0+"
            ],
            "authors": [
                {
                    "name": "Patrik Votoček",
                    "email": "patrik@votocek.cz",
                    "homepage": "http://patrik.votocek.cz",
                    "role": "Developer"
                },
                {
                    "name": "Nella Project",
                    "homepage": "http://nella-project.org"
                }
            ],
            "description": "Doctrine 2 ORM and Migrations addon for Nette Framework",
            "homepage": "http://nellafw.org",
            "keywords": [
                "addon",
                "doctrine",
                "migrations",
                "nella",
                "nette",
                "orm"
            ],
            "time": "2013-02-18 18:39:06"
        },
        {
            "name": "nella/forms",
            "version": "dev-master",
            "target-dir": "Nella/Forms",
            "source": {
                "type": "git",
                "url": "https://github.com/nella/forms.git",
                "reference": "ee39d631279901b3a623b575c58687dc6f310c97"
            },
            "dist": {
                "type": "zip",
                "url": "https://api.github.com/repos/nella/forms/zipball/ee39d631279901b3a623b575c58687dc6f310c97",
                "reference": "ee39d631279901b3a623b575c58687dc6f310c97",
                "shasum": ""
            },
            "require": {
                "nette/nette": "2.0.*",
                "php": ">=5.3.2"
            },
            "type": "nette-addon",
            "autoload": {
                "psr-0": {
                    "Nella\\Forms": "./"
                }
            },
            "notification-url": "https://packagist.org/downloads/",
            "license": [
                "BSD-3-Clause",
                "GPL-2.0+"
            ],
            "authors": [
                {
                    "name": "Patrik Votoček",
                    "email": "patrik@votocek.cz",
                    "homepage": "http://patrik.votocek.cz",
                    "role": "Developer"
                },
                {
                    "name": "Nella Project",
                    "homepage": "http://nella-project.org"
                }
            ],
            "description": "Better HTML5 form support for Nette Framework",
            "homepage": "http://nellafw.org",
            "keywords": [
                "Forms",
                "HTML5",
                "addon",
                "nella",
                "nette"
            ],
            "time": "2012-09-23 04:42:39"
        },
        {
            "name": "nette/nette",
            "version": "v2.0.12",
            "source": {
                "type": "git",
                "url": "https://github.com/nette/nette.git",
                "reference": "80a7e460badc3d71b1469bb23810ebf235b06b11"
            },
            "dist": {
                "type": "zip",
                "url": "https://api.github.com/repos/nette/nette/zipball/80a7e460badc3d71b1469bb23810ebf235b06b11",
                "reference": "80a7e460badc3d71b1469bb23810ebf235b06b11",
                "shasum": ""
            },
            "require": {
                "ext-iconv": "*",
                "ext-tokenizer": "*",
                "php": ">=5.3.0"
            },
            "require-dev": {
                "nette/tester": "0.9.*"
            },
            "suggest": {
                "ext-fileinfo": "*",
                "ext-gd": "*",
                "ext-mbstring": "*",
                "ext-memcache": "*",
                "ext-pdo": "*"
            },
            "type": "library",
            "extra": {
                "branch-alias": {
                    "dev-master": "2.1-dev"
                }
            },
            "autoload": {
                "files": [
                    "Nette/loader.php"
                ]
            },
            "notification-url": "https://packagist.org/downloads/",
            "license": [
                "BSD-3-Clause",
                "GPL-2.0",
                "GPL-3.0"
            ],
            "authors": [
                {
                    "name": "David Grudl",
                    "homepage": "http://davidgrudl.com"
                },
                {
                    "name": "Nette Community",
                    "homepage": "http://nette.org/contributors"
                }
            ],
            "description": "Nette Framework - innovative framework for fast and easy development of secured web applications in PHP. Write less, have cleaner code and your work will bring you joy.",
            "homepage": "http://nette.org",
            "keywords": [
                "Forms",
                "database",
                "dbal",
                "debugging",
                "framework",
                "images",
                "latte",
                "mailing",
                "micro",
                "mvc",
                "neon",
                "templating"
            ],
            "time": "2013-08-07 23:14:19"
        },
        {
            "name": "schmutzka/gettexttranslator",
            "version": "2.0.6",
            "source": {
                "type": "git",
                "url": "https://github.com/Schmutzka/GettextTranslator.git",
                "reference": "34dab4d753e236a5e66b2f793d1fedc46ec9f550"
            },
            "dist": {
                "type": "zip",
                "url": "https://api.github.com/repos/Schmutzka/GettextTranslator/zipball/34dab4d753e236a5e66b2f793d1fedc46ec9f550",
                "reference": "34dab4d753e236a5e66b2f793d1fedc46ec9f550",
                "shasum": ""
            },
            "require": {
                "nette/nette": ">=2.0.0",
                "php": ">=5.3.0"
            },
            "type": "library",
            "autoload": {
                "classmap": [
                    "GettextTranslator/"
                ]
            },
            "notification-url": "https://packagist.org/downloads/",
            "license": [
                "BSD-3-Clause"
            ],
            "authors": [
                {
                    "name": "Patrik Votoček",
                    "email": "patrik@votocek.cz",
                    "homepage": "http://patrik.votocek.cz",
                    "role": "Developer"
                },
                {
                    "name": "Tomáš Votruba",
                    "homepage": "http://www.schmutzka.eu"
                }
            ],
            "description": "Translator for Nette (PHP framework).",
            "homepage": "http://addons.nette.org/en/gettext-translator",
            "keywords": [
                "gettext",
                "nette",
                "translator"
            ],
            "time": "2013-07-21 12:36:14"
        },
        {
            "name": "symfony/console",
            "version": "v2.3.4",
            "target-dir": "Symfony/Component/Console",
            "source": {
                "type": "git",
                "url": "https://github.com/symfony/Console.git",
                "reference": "db78f8ff7fc9e28d25ff9a0bf6ddf9f0e35fbbe3"
            },
            "dist": {
                "type": "zip",
                "url": "https://api.github.com/repos/symfony/Console/zipball/db78f8ff7fc9e28d25ff9a0bf6ddf9f0e35fbbe3",
                "reference": "db78f8ff7fc9e28d25ff9a0bf6ddf9f0e35fbbe3",
                "shasum": ""
            },
            "require": {
                "php": ">=5.3.3"
            },
            "require-dev": {
                "symfony/event-dispatcher": "~2.1"
            },
            "suggest": {
                "symfony/event-dispatcher": ""
            },
            "type": "library",
            "extra": {
                "branch-alias": {
                    "dev-master": "2.3-dev"
                }
            },
            "autoload": {
                "psr-0": {
                    "Symfony\\Component\\Console\\": ""
                }
            },
            "notification-url": "https://packagist.org/downloads/",
            "license": [
                "MIT"
            ],
            "authors": [
                {
                    "name": "Fabien Potencier",
                    "email": "fabien@symfony.com"
                },
                {
                    "name": "Symfony Community",
                    "homepage": "http://symfony.com/contributors"
                }
            ],
            "description": "Symfony Console Component",
            "homepage": "http://symfony.com",
            "time": "2013-08-17 16:34:49"
        }
    ],
    "packages-dev": [

    ],
    "aliases": [

    ],
    "minimum-stability": "stable",
    "stability-flags": {
        "nette/nette": 20,
        "nella/doctrine": 20,
        "nella/console": 20,
        "nella/forms": 20,
        "doctrine/migrations": 20,
        "janmarek/webloader": 20,
        "leafo/lessphp": 20
    },
    "platform": [

    ],
    "platform-dev": [

    ]
}
